github.com/yhyzgn/gog v1.0.2 h1:YLPT522krnnyKwIB85tmhBqL0F95wPn2faocqD/wfsE=
github.com/yhyzgn/gog v1.0.2/go.mod h1:qOmMZv8jIooFAQOKnAfR4tpvY0zbCFk1YPElQD0dhuI=
github.com/yhyzgn/gollop v1.0.0-alpha-0-1 h1:pz9D9bl1z65oPu/FOqkHRbYgIvkRRXjYgVRTBQ/9rM4=
github.com/yhyzgn/gollop v1.0.0-alpha-0-1/go.mod h1:jhOW2Op9sKJPVQvHXhmYg/rEMzGpnVhcYyx+soeHkBA=
github.com/yhyzgn/gollop v1.0.0-alpha-0-2 h1:XwUQYZL8j5uQeU6wwCQ1kQpy9lTD0NpEz0Oo2gxDPZY=
github.com/yhyzgn/gollop v1.0.0-alpha-0-2/go.mod h1:jhOW2Op9sKJPVQvHXhmYg/rEMzGpnVhcYyx+soeHkBA=
github.com/yhyzgn/gollop v1.0.0-alpha-0-3 h1:vI8F4IwNd6oL9kfv73Atpnw7kJV1rzydxPq2asr6smA=
github.com/yhyzgn/gollop v1.0.0-alpha-0-3/go.mod h1:jhOW2Op9sKJPVQvHXhmYg/rEMzGpnVhcYyx+soeHkBA=
github.com/yhyzgn/gollop v1.0.0-alpha-0-4 h1:t0Q6QvYUNne7J49xdAyeAAbJKV+9Wr1FDi1MrGbEarw=
github.com/yhyzgn/gollop v1.0.0-alpha-0-4/go.mod h1:jhOW2Op9sKJPVQvHXhmYg/rEMzGpnVhcYyx+soeHkBA=
github.com/yhyzgn/gollop v1.0.0-alpha-0-5 h1:Tlq9pNQpZ3lw7YynamsaxX8jZ/Wb2sifxBT2mu7UPPA=
github.com/yhyzgn/gollop v1.0.0-alpha-0-5/go.mod h1:jhOW2Op9sKJPVQvHXhmYg/rEMzGpnVhcYyx+soeHkBA=
github.com/yhyzgn/golus v1.0.3 h1:qI+ZGLcSTMHna4pXDRlUSwA2KEiKFqPxm65VAev6eV0=
github.com/yhyzgn/golus v1.0.3/go.mod h1:45my4h9DHpjpNCOTtIPFDIxko6VS6YJIayEOIn4V6Rw=
